
Microsoft Visual Studio Solution File, Format Version 12.00
# Visual Studio 16
Project("{FAE04EC0-301F-11D3-BF4B-00C04F79EFBC}") = "Assembly-CSharp", "Assembly-CSharp.csproj", "{C3B4DF0E-7A1E-3C14-07F5-28931CF61688}"
EndProject
Project("{FAE04EC0-301F-11D3-BF4B-00C04F79EFBC}") = "Assembly-CSharp-Editor-firstpass", "Assembly-CSharp-Editor-firstpass.csproj", "{23AAF83E-4185-53D5-16D7-9DFFF9B04533}"
EndProject
Global
	GlobalSection(SolutionConfigurationPlatforms) = preSolution
		Debug|Any CPU = Debug|Any CPU
		Release|Any CPU = Release|Any CPU
	EndGlobalSection
	GlobalSection(ProjectConfigurationPlatforms) = postSolution
		{C3B4DF0E-7A1E-3C14-07F5-28931CF61688}.Debug|Any CPU.ActiveCfg = Debug|Any CPU
		{C3B4DF0E-7A1E-3C14-07F5-28931CF61688}.Debug|Any CPU.Build.0 = Debug|Any CPU
		{C3B4DF0E-7A1E-3C14-07F5-28931CF61688}.Release|Any CPU.ActiveCfg = Release|Any CPU
		{C3B4DF0E-7A1E-3C14-07F5-28931CF61688}.Release|Any CPU.Build.0 = Release|Any CPU
		{23AAF83E-4185-53D5-16D7-9DFFF9B04533}.Debug|Any CPU.ActiveCfg = Debug|Any CPU
		{23AAF83E-4185-53D5-16D7-9DFFF9B04533}.Debug|Any CPU.Build.0 = Debug|Any CPU
		{23AAF83E-4185-53D5-16D7-9DFFF9B04533}.Release|Any CPU.ActiveCfg = Release|Any CPU
		{23AAF83E-4185-53D5-16D7-9DFFF9B04533}.Release|Any CPU.Build.0 = Release|Any CPU
	EndGlobalSection
	GlobalSection(SolutionProperties) = preSolution
		HideSolutionNode = FALSE
	EndGlobalSection
EndGlobal
